
Microsoft Visual Studio Solution File, Format Version 12.00
# Visual Studio 15
VisualStudioVersion = 15.0.27130.2010
MinimumVisualStudioVersion = 10.0.40219.1
Project("{FAE04EC0-301F-11D3-BF4B-00C04F79EFBC}") = "Deinyon2018React", "Deinyon2018React\Deinyon2018React.csproj", "{1931215A-F199-4777-8D78-315050123789}"
EndProject
Global
	GlobalSection(SolutionConfigurationPlatforms) = preSolution
		Debug|Any CPU = Debug|Any CPU
		Release|Any CPU = Release|Any CPU
	EndGlobalSection
	GlobalSection(ProjectConfigurationPlatforms) = postSolution
		{1931215A-F199-4777-8D78-315050123789}.Debug|Any CPU.ActiveCfg = Debug|Any CPU
		{1931215A-F199-4777-8D78-315050123789}.Debug|Any CPU.Build.0 = Debug|Any CPU
		{1931215A-F199-4777-8D78-315050123789}.Release|Any CPU.ActiveCfg = Release|Any CPU
		{1931215A-F199-4777-8D78-315050123789}.Release|Any CPU.Build.0 = Release|Any CPU
	EndGlobalSection
	GlobalSection(SolutionProperties) = preSolution
		HideSolutionNode = FALSE
	EndGlobalSection
	GlobalSection(ExtensibilityGlobals) = postSolution
		SolutionGuid = {D6E4C5C0-FD84-436F-AEF9-FB92B7970B48}
	EndGlobalSection
EndGlobal
